<Solution>
  <Folder Name="/src/">
    <Project Path="src/Novolis.Astro.Abstractions/Novolis.Astro.Abstractions.csproj" />
    <Project Path="src/Novolis.Astro.Catalog/Novolis.Astro.Catalog.csproj" />
    <Project Path="src/Novolis.Astro.Catalog.Data/Novolis.Astro.Catalog.Data.csproj" />
    <Project Path="src/Novolis.Astro.Routing/Novolis.Astro.Routing.csproj" />
    <Project Path="src/Novolis.Astro.Assessment/Novolis.Astro.Assessment.csproj" />
    <Project Path="src/Novolis.Astro.Overlay/Novolis.Astro.Overlay.csproj" />
    <Project Path="src/Novolis.Astro.Plotting/Novolis.Astro.Plotting.csproj" />
  </Folder>
  <Folder Name="/tests/">
    <Project Path="tests/Novolis.Astro.Unit/Novolis.Astro.Unit.csproj" />
  </Folder>
</Solution>
